// !$*UTF8*$!
{
	archiveVersion = 1;
	classes = {
	};
	objectVersion = 50;
	objects = {

/* Begin PBXBuildFile section */
		6985F0A123B4BA2C00A72469 /* AppDelegate.swift in Sources */ = {isa = PBXBuildFile; fileRef = 6985F0A023B4BA2C00A72469 /* AppDelegate.swift */; };
		6985F0A323B4BA2C00A72469 /* SceneDelegate.swift in Sources */ = {isa = PBXBuildFile; fileRef = 6985F0A223B4BA2C00A72469 /* SceneDelegate.swift */; };
		6985F0A523B4BA2C00A72469 /* ContentView.swift in Sources */ = {isa = PBXBuildFile; fileRef = 6985F0A423B4BA2C00A72469 /* ContentView.swift */; };
		6985F0A723B4BA2C00A72469 /* Assets.xcassets in Resources */ = {isa = PBXBuildFile; fileRef = 6985F0A623B4BA2C00A72469 /* Assets.xcassets */; };
		6985F0AA23B4BA2C00A72469 /* Preview Assets.xcassets in Resources */ = {isa = PBXBuildFile; fileRef = 6985F0A923B4BA2C00A72469 /* Preview Assets.xcassets */; };
		6985F0AD23B4BA2C00A72469 /* LaunchScreen.storyboard in Resources */ = {isa = PBXBuildFile; fileRef = 6985F0AB23B4BA2C00A72469 /* LaunchScreen.storyboard */; };
		6985F0B723B4BE5C00A72469 /* CircleImage.swift in Sources */ = {isa = PBXBuildFile; fileRef = 6985F0B623B4BE5C00A72469 /* CircleImage.swift */; };
		6985F0B923B4C26C00A72469 /* MapView.swift in Sources */ = {isa = PBXBuildFile; fileRef = 6985F0B823B4C26C00A72469 /* MapView.swift */; };
/* End PBXBuildFile section */

/* Begin PBXFileReference section */
		6985F09D23B4BA2C00A72469 /* swiftUI-practice.app */ = {isa = PBXFileReference; explicitFileType = wrapper.application; includeInIndex = 0; path = "swiftUI-practice.app"; sourceTree = BUILT_PRODUCTS_DIR; };
		6985F0A023B4BA2C00A72469 /* AppDelegate.swift */ = {isa = PBXFileReference; lastKnownFileType = sourcecode.swift; path = AppDelegate.swift; sourceTree = "<group>"; };
		6985F0A223B4BA2C00A72469 /* SceneDelegate.swift */ = {isa = PBXFileReference; lastKnownFileType = sourcecode.swift; path = SceneDelegate.swift; sourceTree = "<group>"; };
		6985F0A423B4BA2C00A72469 /* ContentView.swift */ = {isa = PBXFileReference; lastKnownFileType = sourcecode.swift; path = ContentView.swift; sourceTree = "<group>"; };
		6985F0A623B4BA2C00A72469 /* Assets.xcassets */ = {isa = PBXFileReference; lastKnownFileType = folder.assetcatalog; path = Assets.xcassets; sourceTree = "<group>"; };
		6985F0A923B4BA2C00A72469 /* Preview Assets.xcassets */ = {isa = PBXFileReference; lastKnownFileType = folder.assetcatalog; path = "Preview Assets.xcassets"; sourceTree = "<group>"; };
		6985F0AC23B4BA2C00A72469 /* Base */ = {isa = PBXFileReference; lastKnownFileType = file.storyboard; name = Base; path = Base.lproj/LaunchScreen.storyboard; sourceTree = "<group>"; };
		6985F0AE23B4BA2C00A72469 /* Info.plist */ = {isa = PBXFileReference; lastKnownFileType = text.plist.xml; path = Info.plist; sourceTree = "<group>"; };
		6985F0B623B4BE5C00A72469 /* CircleImage.swift */ = {isa = PBXFileReference; lastKnownFileType = sourcecode.swift; path = CircleImage.swift; sourceTree = "<group>"; };
		6985F0B823B4C26C00A72469 /* MapView.swift */ = {isa = PBXFileReference; lastKnownFileType = sourcecode.swift; path = MapView.swift; sourceTree = "<group>"; };
/* End PBXFileReference section */

/* Begin PBXFrameworksBuildPhase section */
		6985F09A23B4BA2C00A72469 /* Frameworks */ = {
			isa = PBXFrameworksBuildPhase;
			buildActionMask = 2147483647;
			files = (
			);
			runOnlyForDeploymentPostprocessing = 0;
		};
/* End PBXFrameworksBuildPhase section */

/* Begin PBXGroup section */
		6985F09423B4BA2C00A72469 = {
			isa = PBXGroup;
			children = (
				6985F09F23B4BA2C00A72469 /* swiftUI-practice */,
				6985F09E23B4BA2C00A72469 /* Products */,
			);
			sourceTree = "<group>";
		};
		6985F09E23B4BA2C00A72469 /* Products */ = {
			isa = PBXGroup;
			children = (
				6985F09D23B4BA2C00A72469 /* swiftUI-practice.app */,
			);
			name = Products;
			sourceTree = "<group>";
		};
		6985F09F23B4BA2C00A72469 /* swiftUI-practice */ = {
			isa = PBXGroup;
			children = (
				6985F0A023B4BA2C00A72469 /* AppDelegate.swift */,
				6985F0A223B4BA2C00A72469 /* SceneDelegate.swift */,
				6985F0B823B4C26C00A72469 /* MapView.swift */,
				6985F0B623B4BE5C00A72469 /* CircleImage.swift */,
				6985F0A423B4BA2C00A72469 /* ContentView.swift */,
				6985F0A623B4BA2C00A72469 /* Assets.xcassets */,
				6985F0AB23B4BA2C00A72469 /* LaunchScreen.storyboard */,
				6985F0AE23B4BA2C00A72469 /* Info.plist */,
				6985F0A823B4BA2C00A72469 /* Preview Content */,
			);
			path = "swiftUI-practice";
			sourceTree = "<group>";
		};
		6985F0A823B4BA2C00A72469 /* Preview Content */ = {
			isa = PBXGroup;
			children = (
				6985F0A923B4BA2C00A72469 /* Preview Assets.xcassets */,
			);
			path = "Preview Content";
			sourceTree = "<group>";
		};
/* End PBXGroup section */

/* Begin PBXNativeTarget section */
		6985F09C23B4BA2C00A72469 /* swiftUI-practice */ = {
			isa = PBXNativeTarget;
			buildConfigurationList = 6985F0B123B4BA2C00A72469 /* Build configuration list for PBXNativeTarget "swiftUI-practice" */;
			buildPhases = (
				6985F09923B4BA2C00A72469 /* Sources */,
				6985F09A23B4BA2C00A72469 /* Frameworks */,
				6985F09B23B4BA2C00A72469 /* Resources */,
			);
			buildRules = (
			);
			dependencies = (
			);
			name = "swiftUI-practice";
			productName = "swiftUI-practice";
			productReference = 6985F09D23B4BA2C00A72469 /* swiftUI-practice.app */;
			productType = "com.apple.product-type.application";
		};
/* End PBXNativeTarget section */

/* Begin PBXProject section */
		6985F09523B4BA2C00A72469 /* Project object */ = {
			isa = PBXProject;
			attributes = {
				LastSwiftUpdateCheck = 1130;
				LastUpgradeCheck = 1130;
				ORGANIZATIONNAME = INYEONGKIM;
				TargetAttributes = {
					6985F09C23B4BA2C00A72469 = {
						CreatedOnToolsVersion = 11.3;
					};
				};
			};
			buildConfigurationList = 6985F09823B4BA2C00A72469 /* Build configuration list for PBXProject "swiftUI-practice" */;
			compatibilityVersion = "Xcode 9.3";
			developmentRegion = en;
			hasScannedForEncodings = 0;
			knownRegions = (
				en,
				Base,
			);
			mainGroup = 6985F09423B4BA2C00A72469;
			productRefGroup = 6985F09E23B4BA2C00A72469 /* Products */;
			projectDirPath = "";
			projectRoot = "";
			targets = (
				6985F09C23B4BA2C00A72469 /* swiftUI-practice */,
			);
		};
/* End PBXProject section */

/* Begin PBXResourcesBuildPhase section */
		6985F09B23B4BA2C00A72469 /* Resources */ = {
			isa = PBXResourcesBuildPhase;
			buildActionMask = 2147483647;
			files = (
				6985F0AD23B4BA2C00A72469 /* LaunchScreen.storyboard in Resources */,
				6985F0AA23B4BA2C00A72469 /* Preview Assets.xcassets in Resources */,
				6985F0A723B4BA2C00A72469 /* Assets.xcassets in Resources */,
			);
			runOnlyForDeploymentPostprocessing = 0;
		};
/* End PBXResourcesBuildPhase section */

/* Begin PBXSourcesBuildPhase section */
		6985F09923B4BA2C00A72469 /* Sources */ = {
			isa = PBXSourcesBuildPhase;
			buildActionMask = 2147483647;
			files = (
				6985F0A123B4BA2C00A72469 /* AppDelegate.swift in Sources */,
				6985F0B723B4BE5C00A72469 /* CircleImage.swift in Sources */,
				6985F0B923B4C26C00A72469 /* MapView.swift in Sources */,
				6985F0A323B4BA2C00A72469 /* SceneDelegate.swift in Sources */,
				6985F0A523B4BA2C00A72469 /* ContentView.swift in Sources */,
			);
			runOnlyForDeploymentPostprocessing = 0;
		};
/* End PBXSourcesBuildPhase section */

/* Begin PBXVariantGroup section */
		6985F0AB23B4BA2C00A72469 /* LaunchScreen.storyboard */ = {
			isa = PBXVariantGroup;
			children = (
				6985F0AC23B4BA2C00A72469 /* Base */,
			);
			name = LaunchScreen.storyboard;
			sourceTree = "<group>";
		};
/* End PBXVariantGroup section */

/* Begin XCBuildConfiguration section */
		6985F0AF23B4BA2C00A72469 /* Debug */ = {
			isa = XCBuildConfiguration;
			buildSettings = {
				ALWAYS_SEARCH_USER_PATHS = NO;
				CLANG_ANALYZER_NONNULL = YES;
				CLANG_ANALYZER_NUMBER_OBJECT_CONVERSION = YES_AGGRESSIVE;
				CLANG_CXX_LANGUAGE_STANDARD = "gnu++14";
				CLANG_CXX_LIBRARY = "libc++";
				CLANG_ENABLE_MODULES = YES;
				CLANG_ENABLE_OBJC_ARC = YES;
				CLANG_ENABLE_OBJC_WEAK = YES;
				CLANG_WARN_BLOCK_CAPTURE_AUTORELEASING = YES;
				CLANG_WARN_BOOL_CONVERSION = YES;
				CLANG_WARN_COMMA = YES;
				CLANG_WARN_CONSTANT_CONVERSION = YES;
				CLANG_WARN_DEPRECATED_OBJC_IMPLEMENTATIONS = YES;
				CLANG_WARN_DIRECT_OBJC_ISA_USAGE = YES_ERROR;
				CLANG_WARN_DOCUMENTATION_COMMENTS = YES;
				CLANG_WARN_EMPTY_BODY = YES;
				CLANG_WARN_ENUM_CONVERSION = YES;
				CLANG_WARN_INFINITE_RECURSION = YES;
				CLANG_WARN_INT_CONVERSION = YES;
				CLANG_WARN_NON_LITERAL_NULL_CONVERSION = YES;
				CLANG_WARN_OBJC_IMPLICIT_RETAIN_SELF = YES;
				CLANG_WARN_OBJC_LITERAL_CONVERSION = YES;
				CLANG_WARN_OBJC_ROOT_CLASS = YES_ERROR;
				CLANG_WARN_RANGE_LOOP_ANALYSIS = YES;
				CLANG_WARN_STRICT_PROTOTYPES = YES;
				CLANG_WARN_SUSPICIOUS_MOVE = YES;
				CLANG_WARN_UNGUARDED_AVAILABILITY = YES_AGGRESSIVE;
				CLANG_WARN_UNREACHABLE_CODE = YES;
				CLANG_WARN__DUPLICATE_METHOD_MATCH = YES;
				COPY_PHASE_STRIP = NO;
				DEBUG_INFORMATION_FORMAT = dwarf;
				ENABLE_STRICT_OBJC_MSGSEND = YES;
				ENABLE_TESTABILITY = YES;
				GCC_C_LANGUAGE_STANDARD = gnu11;
				GCC_DYNAMIC_NO_PIC = NO;
				GCC_NO_COMMON_BLOCKS = YES;
				GCC_OPTIMIZATION_LEVEL = 0;
				GCC_PREPROCESSOR_DEFINITIONS = (
					"DEBUG=1",
					"$(inherited)",
				);
				GCC_WARN_64_TO_32_BIT_CONVERSION = YES;
				GCC_WARN_ABOUT_RETURN_TYPE = YES_ERROR;
				GCC_WARN_UNDECLARED_SELECTOR = YES;
				GCC_WARN_UNINITIALIZED_AUTOS = YES_AGGRESSIVE;
				GCC_WARN_UNUSED_FUNCTION = YES;
				GCC_WARN_UNUSED_VARIABLE = YES;
				IPHONEOS_DEPLOYMENT_TARGET = 13.2;
				MTL_ENABLE_DEBUG_INFO = INCLUDE_SOURCE;
				MTL_FAST_MATH = YES;
				ONLY_ACTIVE_ARCH = YES;
				SDKROOT = iphoneos;
				SWIFT_ACTIVE_COMPILATION_CONDITIONS = DEBUG;
				SWIFT_OPTIMIZATION_LEVEL = "-Onone";
			};
			name = Debug;
		};
		6985F0B023B4BA2C00A72469 /* Release */ = {
			isa = XCBuildConfiguration;
			buildSettings = {
				ALWAYS_SEARCH_USER_PATHS = NO;
				CLANG_ANALYZER_NONNULL = YES;
				CLANG_ANALYZER_NUMBER_OBJECT_CONVERSION = YES_AGGRESSIVE;
				CLANG_CXX_LANGUAGE_STANDARD = "gnu++14";
				CLANG_CXX_LIBRARY = "libc++";
				CLANG_ENABLE_MODULES = YES;
				CLANG_ENABLE_OBJC_ARC = YES;
				CLANG_ENABLE_OBJC_WEAK = YES;
				CLANG_WARN_BLOCK_CAPTURE_AUTORELEASING = YES;
				CLANG_WARN_BOOL_CONVERSION = YES;
				CLANG_WARN_COMMA = YES;
				CLANG_WARN_CONSTANT_CONVERSION = YES;
				CLANG_WARN_DEPRECATED_OBJC_IMPLEMENTATIONS = YES;
				CLANG_WARN_DIRECT_OBJC_ISA_USAGE = YES_ERROR;
				CLANG_WARN_DOCUMENTATION_COMMENTS = YES;
				CLANG_WARN_EMPTY_BODY = YES;
				CLANG_WARN_ENUM_CONVERSION = YES;
				CLANG_WARN_INFINITE_RECURSION = YES;
				CLANG_WARN_INT_CONVERSION = YES;
				CLANG_WARN_NON_LITERAL_NULL_CONVERSION = YES;
				CLANG_WARN_OBJC_IMPLICIT_RETAIN_SELF = YES;
				CLANG_WARN_OBJC_LITERAL_CONVERSION = YES;
				CLANG_WARN_OBJC_ROOT_CLASS = YES_ERROR;
				CLANG_WARN_RANGE_LOOP_ANALYSIS = YES;
				CLANG_WARN_STRICT_PROTOTYPES = YES;
				CLANG_WARN_SUSPICIOUS_MOVE = YES;
				CLANG_WARN_UNGUARDED_AVAILABILITY = YES_AGGRESSIVE;
				CLANG_WARN_UNREACHABLE_CODE = YES;
				CLANG_WARN__DUPLICATE_METHOD_MATCH = YES;
				COPY_PHASE_STRIP = NO;
				DEBUG_INFORMATION_FORMAT = "dwarf-with-dsym";
				ENABLE_NS_ASSERTIONS = NO;
				ENABLE_STRICT_OBJC_MSGSEND = YES;
				GCC_C_LANGUAGE_STANDARD = gnu11;
				GCC_NO_COMMON_BLOCKS = YES;
				GCC_WARN_64_TO_32_BIT_CONVERSION = YES;
				GCC_WARN_ABOUT_RETURN_TYPE = YES_ERROR;
				GCC_WARN_UNDECLARED_SELECTOR = YES;
				GCC_WARN_UNINITIALIZED_AUTOS = YES_AGGRESSIVE;
				GCC_WARN_UNUSED_FUNCTION = YES;
				GCC_WARN_UNUSED_VARIABLE = YES;
				IPHONEOS_DEPLOYMENT_TARGET = 13.2;
				MTL_ENABLE_DEBUG_INFO = NO;
				MTL_FAST_MATH = YES;
				SDKROOT = iphoneos;
				SWIFT_COMPILATION_MODE = wholemodule;
				SWIFT_OPTIMIZATION_LEVEL = "-O";
				VALIDATE_PRODUCT = YES;
			};
			name = Release;
		};
		6985F0B223B4BA2C00A72469 /* Debug */ = {
			isa = XCBuildConfiguration;
			buildSettings = {
				ASSETCATALOG_COMPILER_APPICON_NAME = AppIcon;
				CODE_SIGN_STYLE = Automatic;
				DEVELOPMENT_ASSET_PATHS = "\"swiftUI-practice/Preview Content\"";
				ENABLE_PREVIEWS = YES;
				INFOPLIST_FILE = "swiftUI-practice/Info.plist";
				LD_RUNPATH_SEARCH_PATHS = (
					"$(inherited)",
					"@executable_path/Frameworks",
				);
				PRODUCT_BUNDLE_IDENTIFIER = "com.swiftUI-practice";
				PRODUCT_NAME = "$(TARGET_NAME)";
				SWIFT_VERSION = 5.0;
				TARGETED_DEVICE_FAMILY = "1,2";
			};
			name = Debug;
		};
		6985F0B323B4BA2C00A72469 /* Release */ = {
			isa = XCBuildConfiguration;
			buildSettings = {
				ASSETCATALOG_COMPILER_APPICON_NAME = AppIcon;
				CODE_SIGN_STYLE = Automatic;
				DEVELOPMENT_ASSET_PATHS = "\"swiftUI-practice/Preview Content\"";
				ENABLE_PREVIEWS = YES;
				INFOPLIST_FILE = "swiftUI-practice/Info.plist";
				LD_RUNPATH_SEARCH_PATHS = (
					"$(inherited)",
					"@executable_path/Frameworks",
				);
				PRODUCT_BUNDLE_IDENTIFIER = "com.swiftUI-practice";
				PRODUCT_NAME = "$(TARGET_NAME)";
				SWIFT_VERSION = 5.0;
				TARGETED_DEVICE_FAMILY = "1,2";
			};
			name = Release;
		};
/* End XCBuildConfiguration section */

/* Begin XCConfigurationList section */
		6985F09823B4BA2C00A72469 /* Build configuration list for PBXProject "swiftUI-practice" */ = {
			isa = XCConfigurationList;
			buildConfigurations = (
				6985F0AF23B4BA2C00A72469 /* Debug */,
				6985F0B023B4BA2C00A72469 /* Release */,
			);
			defaultConfigurationIsVisible = 0;
			defaultConfigurationName = Release;
		};
		6985F0B123B4BA2C00A72469 /* Build configuration list for PBXNativeTarget "swiftUI-practice" */ = {
			isa = XCConfigurationList;
			buildConfigurations = (
				6985F0B223B4BA2C00A72469 /* Debug */,
				6985F0B323B4BA2C00A72469 /* Release */,
			);
			defaultConfigurationIsVisible = 0;
			defaultConfigurationName = Release;
		};
/* End XCConfigurationList section */
	};
	rootObject = 6985F09523B4BA2C00A72469 /* Project object */;
}
